
Microsoft Visual Studio Solution File, Format Version 12.00
# Visual Studio 15
VisualStudioVersion = 15.0.27130.0
MinimumVisualStudioVersion = 10.0.40219.1
Project("{2150E333-8FDC-42A3-9474-1A3956D46DE8}") = "Solution Items", "Solution Items", "{B1918F62-2C59-400D-8BB5-D558D4C6C89D}"
	ProjectSection(SolutionItems) = preProject
		.gitattributes = .gitattributes
		.gitignore = .gitignore
		README.md = README.md
	EndProjectSection
EndProject
Project("{FAE04EC0-301F-11D3-BF4B-00C04F79EFBC}") = "TheLiarAndTheTruthTeller", "TheLiarAndTheTruthTeller\TheLiarAndTheTruthTeller.csproj", "{75266C67-878B-47EB-84E3-C83306FFF468}"
EndProject
Project("{FAE04EC0-301F-11D3-BF4B-00C04F79EFBC}") = "TheLiarAndTheTruthTeller.Tests", "TheLiarAndTheTruthTeller.Tests\TheLiarAndTheTruthTeller.Tests.csproj", "{BE318187-4D39-40AF-8E61-215CE5645925}"
EndProject
Project("{FAE04EC0-301F-11D3-BF4B-00C04F79EFBC}") = "TheLiarAndTheTruthTeller.Model", "TheLiarAndTheTruthTeller.Model\TheLiarAndTheTruthTeller.Model.csproj", "{B24D51C3-C8DF-4191-9E25-4E4C95B3C950}"
EndProject
Global
	GlobalSection(SolutionConfigurationPlatforms) = preSolution
		Debug|Any CPU = Debug|Any CPU
		Release|Any CPU = Release|Any CPU
	EndGlobalSection
	GlobalSection(ProjectConfigurationPlatforms) = postSolution
		{75266C67-878B-47EB-84E3-C83306FFF468}.Debug|Any CPU.ActiveCfg = Debug|Any CPU
		{75266C67-878B-47EB-84E3-C83306FFF468}.Debug|Any CPU.Build.0 = Debug|Any CPU
		{75266C67-878B-47EB-84E3-C83306FFF468}.Release|Any CPU.ActiveCfg = Release|Any CPU
		{75266C67-878B-47EB-84E3-C83306FFF468}.Release|Any CPU.Build.0 = Release|Any CPU
		{BE318187-4D39-40AF-8E61-215CE5645925}.Debug|Any CPU.ActiveCfg = Debug|Any CPU
		{BE318187-4D39-40AF-8E61-215CE5645925}.Debug|Any CPU.Build.0 = Debug|Any CPU
		{BE318187-4D39-40AF-8E61-215CE5645925}.Release|Any CPU.ActiveCfg = Release|Any CPU
		{BE318187-4D39-40AF-8E61-215CE5645925}.Release|Any CPU.Build.0 = Release|Any CPU
		{B24D51C3-C8DF-4191-9E25-4E4C95B3C950}.Debug|Any CPU.ActiveCfg = Debug|Any CPU
		{B24D51C3-C8DF-4191-9E25-4E4C95B3C950}.Debug|Any CPU.Build.0 = Debug|Any CPU
		{B24D51C3-C8DF-4191-9E25-4E4C95B3C950}.Release|Any CPU.ActiveCfg = Release|Any CPU
		{B24D51C3-C8DF-4191-9E25-4E4C95B3C950}.Release|Any CPU.Build.0 = Release|Any CPU
	EndGlobalSection
	GlobalSection(SolutionProperties) = preSolution
		HideSolutionNode = FALSE
	EndGlobalSection
	GlobalSection(ExtensibilityGlobals) = postSolution
		SolutionGuid = {E6812396-1B10-4238-99CF-8D6D4474094C}
	EndGlobalSection
EndGlobal
